
Microsoft Visual Studio Solution File, Format Version 11.00
# Visual Studio 2010
Project("{FAE04EC0-301F-11D3-BF4B-00C04F79EFBC}") = "Assembly-CSharp", "Assembly-CSharp.csproj", "{bd88e7f7-9ff1-c852-53ca-3c5a3bc6c03d}"
EndProject
Project("{FAE04EC0-301F-11D3-BF4B-00C04F79EFBC}") = "Assembly-CSharp-Editor", "Assembly-CSharp-Editor.csproj", "{7213a2f0-58e3-473b-ed88-958300f6befc}"
EndProject
Global
	GlobalSection(SolutionConfigurationPlatforms) = preSolution
		Debug|Any CPU = Debug|Any CPU
	EndGlobalSection
	GlobalSection(ProjectConfigurationPlatforms) = postSolution
		{bd88e7f7-9ff1-c852-53ca-3c5a3bc6c03d}.Debug|Any CPU.ActiveCfg = Debug|Any CPU
		{bd88e7f7-9ff1-c852-53ca-3c5a3bc6c03d}.Debug|Any CPU.Build.0 = Debug|Any CPU
		{7213a2f0-58e3-473b-ed88-958300f6befc}.Debug|Any CPU.ActiveCfg = Debug|Any CPU
		{7213a2f0-58e3-473b-ed88-958300f6befc}.Debug|Any CPU.Build.0 = Debug|Any CPU
	EndGlobalSection
	GlobalSection(SolutionProperties) = preSolution
		HideSolutionNode = FALSE
	EndGlobalSection
EndGlobal
